
Microsoft Visual Studio Solution File, Format Version 12.00
# Visual Studio Version 16
VisualStudioVersion = 16.0.30413.136
MinimumVisualStudioVersion = 10.0.40219.1
Project("{FAE04EC0-301F-11D3-BF4B-00C04F79EFBC}") = "ComunidadPractica", "ComunidadPractica.csproj", "{419964A9-6390-48AC-93D3-141FA3B3678D}"
EndProject
Project("{FAE04EC0-301F-11D3-BF4B-00C04F79EFBC}") = "ComunidadPractica.Tests", "..\ComunidadPractica.Tests\ComunidadPractica.Tests.csproj", "{B8E0EDB9-8D1D-4EFB-A689-C42EF003EB3B}"
EndProject
Global
	GlobalSection(SolutionConfigurationPlatforms) = preSolution
		Debug|Any CPU = Debug|Any CPU
		Release|Any CPU = Release|Any CPU
	EndGlobalSection
	GlobalSection(ProjectConfigurationPlatforms) = postSolution
		{419964A9-6390-48AC-93D3-141FA3B3678D}.Debug|Any CPU.ActiveCfg = Debug|Any CPU
		{419964A9-6390-48AC-93D3-141FA3B3678D}.Debug|Any CPU.Build.0 = Debug|Any CPU
		{419964A9-6390-48AC-93D3-141FA3B3678D}.Release|Any CPU.ActiveCfg = Release|Any CPU
		{419964A9-6390-48AC-93D3-141FA3B3678D}.Release|Any CPU.Build.0 = Release|Any CPU
		{B8E0EDB9-8D1D-4EFB-A689-C42EF003EB3B}.Debug|Any CPU.ActiveCfg = Debug|Any CPU
		{B8E0EDB9-8D1D-4EFB-A689-C42EF003EB3B}.Debug|Any CPU.Build.0 = Debug|Any CPU
		{B8E0EDB9-8D1D-4EFB-A689-C42EF003EB3B}.Release|Any CPU.ActiveCfg = Release|Any CPU
		{B8E0EDB9-8D1D-4EFB-A689-C42EF003EB3B}.Release|Any CPU.Build.0 = Release|Any CPU
	EndGlobalSection
	GlobalSection(SolutionProperties) = preSolution
		HideSolutionNode = FALSE
	EndGlobalSection
	GlobalSection(ExtensibilityGlobals) = postSolution
		SolutionGuid = {B42E9D98-00EE-49C7-A18D-EA3839848C51}
	EndGlobalSection
EndGlobal
